<?xml version="1.0" encoding="UTF-8" standalone="yes" ?>
<CodeBlocks_project_file>
	<FileVersion major="1" minor="6" />
	<Project>
		<Option title="Dxf3Table" />
		<Option pch_mode="2" />
		<Option compiler="gcc" />
		<Build>
			<Target title="Debug">
				<Option output="Debug/Dxf3Table" prefix_auto="1" extension_auto="1" />
				<Option object_output="Debug/" />
				<Option type="1" />
				<Option compiler="gcc" />
				<Option projectLinkerOptionsRelation="2" />
				<Compiler>
					<Add option="-fPIC" />
					<Add option="-m64" />
					<Add option="-g" />
					<Add option="-DNIX_NATIVE_FILECHOOSER" />
					<Add option="-DUSE_SHADER" />
					<Add directory="../include" />
				</Compiler>
				<Linker>
					<Add option="-m64" />
					<Add library="z" />
					<Add library="GLEW" />
				</Linker>
			</Target>
			<Target title="Release">
				<Option output="Release/Dxf3Table" prefix_auto="1" extension_auto="1" />
				<Option object_output="Release/" />
				<Option type="0" />
				<Option compiler="gcc" />
				<Compiler>
					<Add option="-O2" />
					<Add option="-s" />
					<Add directory="../include" />
				</Compiler>
				<Linker>
					<Add library="z" />
				</Linker>
			</Target>
			<Target title="Win32">
				<Option output="Debug/Dxf3Table" prefix_auto="1" extension_auto="1" />
				<Option object_output="Debug/" />
				<Option type="1" />
				<Option compiler="msvc8" />
				<Compiler>
					<Add option="-O2" />
					<Add option="-s" />
				</Compiler>
				<Linker>
					<Add library="z" />
				</Linker>
			</Target>
		</Build>
		<Compiler>
			<Add option="`fltk-config --cxxflags`" />
			<Add option="-DFRAMEBUFFER" />
			<Add option="-DFLTK" />
			<Add option="-DSERIALCOM" />
			<Add option="-DDREITABLE" />
			<Add option="-DFINGERSCROLL" />
			<Add directory="/home/rolf/wrk/glew-2.1.0/include" />
			<Add directory="NeuronComm" />
			<Add directory="include" />
			<Add directory="." />
			<Add directory="/usr/local/include" />
			<Add directory="/usr/include/freetype2" />
			<Add directory="/usr/include/libpng16" />
			<Add directory="../" />
			<Add directory="Comm" />
		</Compiler>
		<Linker>
			<Add option="`fltk-config --ldstaticflags`" />
			<Add library="usb-1.0" />
			<Add library="pthread" />
			<Add library="GLU" />
			<Add library="GL" />
			<Add library="libfltk_gl.a" />
		</Linker>
		<Unit filename="../include/BastelUtils.h" />
		<Unit filename="../include/DXF3DDisplayUtils.h" />
		<Unit filename="../include/FileFolder.h" />
		<Unit filename="../include/FingerScroll.h" />
		<Unit filename="../include/FltkDialogBox.h" />
		<Unit filename="../include/FltkWindow.h" />
		<Unit filename="../include/GlDisplay.h" />
		<Unit filename="../include/Layers.h" />
		<Unit filename="../include/LonMessage.h" />
		<Unit filename="../include/MatrixTransform.h" />
		<Unit filename="../include/Object.h" />
		<Unit filename="../include/ProgressStatus.h" />
		<Unit filename="../include/Resource.h" />
		<Unit filename="../include/Serialcom.h" />
		<Unit filename="../include/Settings.h" />
		<Unit filename="../include/TreeView.h" />
		<Unit filename="../include/basteltype.h" />
		<Unit filename="../include/clipper.h" />
		<Unit filename="../include/glew.h" />
		<Unit filename="../src/BastelUtils.cpp" />
		<Unit filename="../src/DXF3DDisplayUtils.cpp" />
		<Unit filename="../src/DreiTafelProjektion.cpp" />
		<Unit filename="../src/Dxf3Table.cpp" />
		<Unit filename="../src/Edit.cpp" />
		<Unit filename="../src/FingerScroll.cpp" />
		<Unit filename="../src/GCodeObject.cpp" />
		<Unit filename="../src/GlDisplay.cpp" />
		<Unit filename="../src/GlShaderDisplay.cpp" />
		<Unit filename="../src/Layers.cpp" />
		<Unit filename="../src/MatrixTransform.cpp" />
		<Unit filename="../src/Object.cpp" />
		<Unit filename="../src/ObjectDraw.cpp" />
		<Unit filename="../src/PolygonObject.cpp" />
		<Unit filename="../src/Resource.cpp" />
		<Unit filename="../src/Settings.cpp" />
		<Unit filename="../src/Simplex.cpp" />
		<Unit filename="../src/StlObject.cpp" />
		<Unit filename="../src/TreeView.cpp" />
		<Unit filename="../src/clipper.cpp" />
		<Extensions />
	</Project>
</CodeBlocks_project_file>
